
Microsoft Visual Studio Solution File, Format Version 12.00
# Visual Studio 15
VisualStudioVersion = 15.0.27703.2042
MinimumVisualStudioVersion = 10.0.40219.1
Project("{9A19103F-16F7-4668-BE54-9A1E7A4F7556}") = "Azure.Functions.Java.Tests.E2E", "Azure.Functions.Java.Tests.E2E\Azure.Functions.Java.Tests.E2E.csproj", "{830D2261-3E35-46A6-8B52-08233D852ED0}"
EndProject
Global
	GlobalSection(SolutionConfigurationPlatforms) = preSolution
		Debug|Any CPU = Debug|Any CPU
		Release|Any CPU = Release|Any CPU
	EndGlobalSection
	GlobalSection(ProjectConfigurationPlatforms) = postSolution
		{830D2261-3E35-46A6-8B52-08233D852ED0}.Debug|Any CPU.ActiveCfg = Debug|Any CPU
		{830D2261-3E35-46A6-8B52-08233D852ED0}.Debug|Any CPU.Build.0 = Debug|Any CPU
		{830D2261-3E35-46A6-8B52-08233D852ED0}.Release|Any CPU.ActiveCfg = Release|Any CPU
		{830D2261-3E35-46A6-8B52-08233D852ED0}.Release|Any CPU.Build.0 = Release|Any CPU
	EndGlobalSection
	GlobalSection(SolutionProperties) = preSolution
		HideSolutionNode = FALSE
	EndGlobalSection
	GlobalSection(ExtensibilityGlobals) = postSolution
		SolutionGuid = {45378AFC-889B-4751-A494-44B73F8EA77E}
	EndGlobalSection
EndGlobal
